
Microsoft Visual Studio Solution File, Format Version 12.00
# Visual Studio 15
VisualStudioVersion = 15.0.27130.2020
MinimumVisualStudioVersion = 10.0.40219.1
Project("{FAE04EC0-301F-11D3-BF4B-00C04F79EFBC}") = "libDiscogsDesktop", "libDiscogsDesktop\libDiscogsDesktop.csproj", "{EA7F19EA-2785-4CCE-9210-20FA6C4474FA}"
EndProject
Project("{FAE04EC0-301F-11D3-BF4B-00C04F79EFBC}") = "DiscogsDesktop", "DiscogsDesktop\DiscogsDesktop.csproj", "{39CD7D2D-E2EE-406E-BBCB-93CEB75DDB40}"
EndProject
Project("{FAE04EC0-301F-11D3-BF4B-00C04F79EFBC}") = "libDicogsDesktopControls", "libDicogsDesktopControls\libDicogsDesktopControls.csproj", "{EDAD4886-C175-4077-A9D2-4BAD9A7CB32B}"
EndProject
Project("{FAE04EC0-301F-11D3-BF4B-00C04F79EFBC}") = "DiscogsDesktopWpf", "DiscogsDesktopWpf\DiscogsDesktopWpf.csproj", "{5A0ACB57-8BE1-4862-B64B-0AA90E01F506}"
EndProject
Global
	GlobalSection(SolutionConfigurationPlatforms) = preSolution
		Debug|Any CPU = Debug|Any CPU
		Release|Any CPU = Release|Any CPU
	EndGlobalSection
	GlobalSection(ProjectConfigurationPlatforms) = postSolution
		{EA7F19EA-2785-4CCE-9210-20FA6C4474FA}.Debug|Any CPU.ActiveCfg = Debug|Any CPU
		{EA7F19EA-2785-4CCE-9210-20FA6C4474FA}.Debug|Any CPU.Build.0 = Debug|Any CPU
		{EA7F19EA-2785-4CCE-9210-20FA6C4474FA}.Release|Any CPU.ActiveCfg = Release|Any CPU
		{EA7F19EA-2785-4CCE-9210-20FA6C4474FA}.Release|Any CPU.Build.0 = Release|Any CPU
		{39CD7D2D-E2EE-406E-BBCB-93CEB75DDB40}.Debug|Any CPU.ActiveCfg = Debug|Any CPU
		{39CD7D2D-E2EE-406E-BBCB-93CEB75DDB40}.Debug|Any CPU.Build.0 = Debug|Any CPU
		{39CD7D2D-E2EE-406E-BBCB-93CEB75DDB40}.Release|Any CPU.ActiveCfg = Release|Any CPU
		{39CD7D2D-E2EE-406E-BBCB-93CEB75DDB40}.Release|Any CPU.Build.0 = Release|Any CPU
		{EDAD4886-C175-4077-A9D2-4BAD9A7CB32B}.Debug|Any CPU.ActiveCfg = Debug|Any CPU
		{EDAD4886-C175-4077-A9D2-4BAD9A7CB32B}.Debug|Any CPU.Build.0 = Debug|Any CPU
		{EDAD4886-C175-4077-A9D2-4BAD9A7CB32B}.Release|Any CPU.ActiveCfg = Release|Any CPU
		{EDAD4886-C175-4077-A9D2-4BAD9A7CB32B}.Release|Any CPU.Build.0 = Release|Any CPU
		{5A0ACB57-8BE1-4862-B64B-0AA90E01F506}.Debug|Any CPU.ActiveCfg = Debug|Any CPU
		{5A0ACB57-8BE1-4862-B64B-0AA90E01F506}.Debug|Any CPU.Build.0 = Debug|Any CPU
		{5A0ACB57-8BE1-4862-B64B-0AA90E01F506}.Release|Any CPU.ActiveCfg = Release|Any CPU
		{5A0ACB57-8BE1-4862-B64B-0AA90E01F506}.Release|Any CPU.Build.0 = Release|Any CPU
	EndGlobalSection
	GlobalSection(SolutionProperties) = preSolution
		HideSolutionNode = FALSE
	EndGlobalSection
	GlobalSection(ExtensibilityGlobals) = postSolution
		SolutionGuid = {6EB7CD92-052A-434C-8754-670773A9A3B2}
	EndGlobalSection
EndGlobal
